# This file is @generated by PDM.
# It is not intended for manual editing.

[metadata]
groups = ["default"]
strategy = ["inherit_metadata"]
lock_version = "4.5.0"
content_hash = "sha256:7e9223958c8c068d008eeb4296606c25b6273b83edf1827c383f21395dd22055"

[[metadata.targets]]
requires_python = ""

[[package]]
name = "pycparser"
version = "2.18"
summary = "C parser in Python"
groups = ["default"]
files = [
    {file = "pycparser-2.18.tar.gz", hash = "sha256:99a8ca03e29851d96616ad0404b4aad7d9ee16f25c9f9708a11faf2810f7b226"},
]
