# This file is @generated by PDM.
# It is not intended for manual editing.

[metadata]
groups = ["default", "dev"]
strategy = ["inherit_metadata"]
lock_version = "4.5.0"
content_hash = "sha256:f743890b1c0e35f5e85483ad3eab59b2f938ab735dd95ab7d389cfb9e05eb9d9"

[[metadata.targets]]
requires_python = ">=3.12"

[[package]]
name = "build"
version = "1.4.0"
requires_python = ">=3.9"
summary = "A simple, correct Python build frontend"
groups = ["dev"]
dependencies = [
    "colorama; os_name == \"nt\"",
    "importlib-metadata>=4.6; python_full_version < \"3.10.2\"",
    "packaging>=24.0",
    "pyproject-hooks",
    "tomli>=1.1.0; python_version < \"3.11\"",
]
files = [
    {file = "build-1.4.0-py3-none-any.whl", hash = "sha256:6a07c1b8eb6f2b311b96fcbdbce5dab5fe637ffda0fd83c9cac622e927501596"},
    {file = "build-1.4.0.tar.gz", hash = "sha256:f1b91b925aa322be454f8330c6fb48b465da993d1e7e7e6fa35027ec49f3c936"},
]

[[package]]
name = "colorama"
version = "0.4.6"
requires_python = "!=3.0.*,!=3.1.*,!=3.2.*,!=3.3.*,!=3.4.*,!=3.5.*,!=3.6.*,>=2.7"
summary = "Cross-platform colored terminal text."
groups = ["dev"]
marker = "os_name == \"nt\""
files = [
    {file = "colorama-0.4.6-py2.py3-none-any.whl", hash = "sha256:4f1d9991f5acc0ca119f9d443620b77f9d6b33703e51011c16baf57afb285fc6"},
    {file = "colorama-0.4.6.tar.gz", hash = "sha256:08695f5cb7ed6e0531a20572697297273c47b8cae5a63ffc6d6ed5c201be6e44"},
]

[[package]]
name = "packaging"
version = "26.0"
requires_python = ">=3.8"
summary = "Core utilities for Python packages"
groups = ["dev"]
files = [
    {file = "packaging-26.0-py3-none-any.whl", hash = "sha256:b36f1fef9334a5588b4166f8bcd26a14e521f2b55e6b9de3aaa80d3ff7a37529"},
    {file = "packaging-26.0.tar.gz", hash = "sha256:00243ae351a257117b6a241061796684b084ed1c516a08c48a3f7e147a9d80b4"},
]

[[package]]
name = "pycparser"
version = "2.18"
summary = "C parser in Python"
groups = ["default"]
files = [
    {file = "pycparser-2.18.tar.gz", hash = "sha256:99a8ca03e29851d96616ad0404b4aad7d9ee16f25c9f9708a11faf2810f7b226"},
]

[[package]]
name = "pyproject-hooks"
version = "1.2.0"
requires_python = ">=3.7"
summary = "Wrappers to call pyproject.toml-based build backend hooks."
groups = ["dev"]
files = [
    {file = "pyproject_hooks-1.2.0-py3-none-any.whl", hash = "sha256:9e5c6bfa8dcc30091c74b0cf803c81fdd29d94f01992a7707bc97babb1141913"},
    {file = "pyproject_hooks-1.2.0.tar.gz", hash = "sha256:1e859bd5c40fae9448642dd871adf459e5e2084186e8d2c2a79a824c970da1f8"},
]
