{
    "_meta": {
        "hash": {
            "sha256": "1d43ca757db55ee68f2ba92265fb52f979562ac30a665d1f9d74d46d3fcd352a"
        },
        "pipfile-spec": 6,
        "requires": {
            "python_version": "3.10"
        },
        "sources": [
            {
                "name": "pypi",
                "url": "https://pypi.org/simple",
                "verify_ssl": true
            }
        ]
    },
    "default": {
        "pycparser": {
            "hashes": [
                "sha256:8ee45429555515e1f6b185e78100aea234072576aa43ab53aefcae078162fca9",
                "sha256:e644fdec12f7872f86c58ff790da456218b10f863970249516d60a5eaca77206"
            ],
            "index": "pypi",
            "version": "==2.21"
        }
    },
    "develop": {}
}
