{
    "_meta": {
        "hash": {
            "sha256": "2131ed6c70b89e560d95f509374fd0477b1cecc1d549ab8a5328fd4405c1382f"
        },
        "pipfile-spec": 6,
        "requires": {},
        "sources": [
            {
                "name": "pypi",
                "url": "https://pypi.org/simple",
                "verify_ssl": true
            }
        ]
    },
    "default": {
        "pycparser": {
            "hashes": [
                "sha256:78816d4f24add8f10a06d6f05b4d424ad9e96cfebf68a4ddc99c65c0720d00c2",
                "sha256:e5c6e8d3fbad53479cab09ac03729e0a9faf2bee3db8208a550daf5af81a5934"
            ],
            "index": "pypi",
            "markers": "python_version >= '3.8'",
            "version": "==2.23"
        }
    },
    "develop": {}
}
