{
    "_meta": {
        "hash": {
            "sha256": "e376f00652d415a11d5015d7a056a8641dfa034fec44a8d29d9e0f12095750d1"
        },
        "pipfile-spec": 6,
        "requires": {
            "python_version": "3"
        },
        "sources": [
            {
                "name": "pypi",
                "url": "https://pypi.org/simple",
                "verify_ssl": true
            }
        ]
    },
    "default": {
        "pycparser": {
            "hashes": [
                "sha256:491c8be9c040f5390f5bf44a5b07752bd07f56edf992381b05c701439eec10f6",
                "sha256:c3702b6d3dd8c7abc1afa565d7e63d53a1d0bd86cdc24edd75470f4de499cfcc"
            ],
            "index": "pypi",
            "markers": "python_version >= '3.8'",
            "version": "==2.22"
        }
    },
    "develop": {}
}
